
Microsoft Visual Studio Solution File, Format Version 12.00
# Visual Studio 2013
VisualStudioVersion = 12.0.31101.0
MinimumVisualStudioVersion = 10.0.40219.1
Project("{FAE04EC0-301F-11D3-BF4B-00C04F79EFBC}") = "NumbersFrom1ToN", "NumbersFrom1ToN\NumbersFrom1ToN.csproj", "{7C990E29-B105-4B5B-B9A8-C188123EC988}"
EndProject
Project("{FAE04EC0-301F-11D3-BF4B-00C04F79EFBC}") = "NotDivisibleNumbers", "NotDivisibleNumbers\NotDivisibleNumbers.csproj", "{00E3E0EA-5A68-4678-91D0-296F75692D1A}"
EndProject
Project("{FAE04EC0-301F-11D3-BF4B-00C04F79EFBC}") = "MMSAOfNNumbers", "MMSAOfNNumbers\MMSAOfNNumbers.csproj", "{A7D790C6-1A50-467A-8DEA-5E52C62F5CFA}"
EndProject
Project("{FAE04EC0-301F-11D3-BF4B-00C04F79EFBC}") = "PrintADeck", "PrintADeck\PrintADeck.csproj", "{06843E17-ED7A-4254-B81E-D9491799E232}"
EndProject
Project("{FAE04EC0-301F-11D3-BF4B-00C04F79EFBC}") = "Calculate!", "Calculate!\Calculate!.csproj", "{65716016-E2A0-4998-9AA2-4963869480A3}"
EndProject
Project("{FAE04EC0-301F-11D3-BF4B-00C04F79EFBC}") = "CalculateAgain!", "CalculateAgain!\CalculateAgain!.csproj", "{7C890C5D-40F6-413D-907B-22340384DBE5}"
EndProject
Project("{FAE04EC0-301F-11D3-BF4B-00C04F79EFBC}") = "Calculate3!", "Calculate3!\Calculate3!.csproj", "{B8127892-4C1D-4EF2-B9BE-CF1872587DB8}"
EndProject
Project("{FAE04EC0-301F-11D3-BF4B-00C04F79EFBC}") = "CatalanNumbers", "CatalanNumbers\CatalanNumbers.csproj", "{B39A9A08-69C6-4EAE-B00B-88D5F032B49F}"
EndProject
Project("{FAE04EC0-301F-11D3-BF4B-00C04F79EFBC}") = "MatrixOfNumbers", "MatrixOfNumbers\MatrixOfNumbers.csproj", "{4C9E97CF-41C1-4627-BB87-D7723D75CE6C}"
EndProject
Project("{FAE04EC0-301F-11D3-BF4B-00C04F79EFBC}") = "OddAndEvenProduct", "OddAndEvenProduct\OddAndEvenProduct.csproj", "{CD4AF42F-169F-4CFE-8586-81A0B13F6D33}"
EndProject
Project("{FAE04EC0-301F-11D3-BF4B-00C04F79EFBC}") = "BinaryToDecimal", "BinaryToDecimal\BinaryToDecimal.csproj", "{7CE74EB3-2BFB-408B-9BDD-52E2156EEC97}"
EndProject
Project("{FAE04EC0-301F-11D3-BF4B-00C04F79EFBC}") = "DecimalToBinary", "DecimalToBinary\DecimalToBinary.csproj", "{86AA5809-C420-4443-BF58-2396440FCDAE}"
EndProject
Project("{FAE04EC0-301F-11D3-BF4B-00C04F79EFBC}") = "DecimalToHex", "DecimalToHex\DecimalToHex.csproj", "{DE19C8E5-681C-4B2E-9FD5-3A99BE885113}"
EndProject
Project("{FAE04EC0-301F-11D3-BF4B-00C04F79EFBC}") = "HexToDecimal", "HexToDecimal\HexToDecimal.csproj", "{7126A030-54C8-404E-ADE6-0CE912C559AC}"
EndProject
Project("{FAE04EC0-301F-11D3-BF4B-00C04F79EFBC}") = "GCD", "GCD\GCD.csproj", "{AA4235A2-0ABA-4A43-AC37-6DCD56CBA502}"
EndProject
Project("{FAE04EC0-301F-11D3-BF4B-00C04F79EFBC}") = "Trailing0InN!", "Trailing0InN!\Trailing0InN!.csproj", "{EF6E29C3-5E01-4165-9E6D-D406D67E4CBD}"
EndProject
Project("{FAE04EC0-301F-11D3-BF4B-00C04F79EFBC}") = "SpiralMatrix", "SpiralMatrix\SpiralMatrix.csproj", "{788A97ED-9D1A-4996-ADF8-E11424879E27}"
EndProject
Global
	GlobalSection(SolutionConfigurationPlatforms) = preSolution
		Debug|Any CPU = Debug|Any CPU
		Release|Any CPU = Release|Any CPU
	EndGlobalSection
	GlobalSection(ProjectConfigurationPlatforms) = postSolution
		{7C990E29-B105-4B5B-B9A8-C188123EC988}.Debug|Any CPU.ActiveCfg = Debug|Any CPU
		{7C990E29-B105-4B5B-B9A8-C188123EC988}.Debug|Any CPU.Build.0 = Debug|Any CPU
		{7C990E29-B105-4B5B-B9A8-C188123EC988}.Release|Any CPU.ActiveCfg = Release|Any CPU
		{7C990E29-B105-4B5B-B9A8-C188123EC988}.Release|Any CPU.Build.0 = Release|Any CPU
		{00E3E0EA-5A68-4678-91D0-296F75692D1A}.Debug|Any CPU.ActiveCfg = Debug|Any CPU
		{00E3E0EA-5A68-4678-91D0-296F75692D1A}.Debug|Any CPU.Build.0 = Debug|Any CPU
		{00E3E0EA-5A68-4678-91D0-296F75692D1A}.Release|Any CPU.ActiveCfg = Release|Any CPU
		{00E3E0EA-5A68-4678-91D0-296F75692D1A}.Release|Any CPU.Build.0 = Release|Any CPU
		{A7D790C6-1A50-467A-8DEA-5E52C62F5CFA}.Debug|Any CPU.ActiveCfg = Debug|Any CPU
		{A7D790C6-1A50-467A-8DEA-5E52C62F5CFA}.Debug|Any CPU.Build.0 = Debug|Any CPU
		{A7D790C6-1A50-467A-8DEA-5E52C62F5CFA}.Release|Any CPU.ActiveCfg = Release|Any CPU
		{A7D790C6-1A50-467A-8DEA-5E52C62F5CFA}.Release|Any CPU.Build.0 = Release|Any CPU
		{06843E17-ED7A-4254-B81E-D9491799E232}.Debug|Any CPU.ActiveCfg = Debug|Any CPU
		{06843E17-ED7A-4254-B81E-D9491799E232}.Debug|Any CPU.Build.0 = Debug|Any CPU
		{06843E17-ED7A-4254-B81E-D9491799E232}.Release|Any CPU.ActiveCfg = Release|Any CPU
		{06843E17-ED7A-4254-B81E-D9491799E232}.Release|Any CPU.Build.0 = Release|Any CPU
		{65716016-E2A0-4998-9AA2-4963869480A3}.Debug|Any CPU.ActiveCfg = Debug|Any CPU
		{65716016-E2A0-4998-9AA2-4963869480A3}.Debug|Any CPU.Build.0 = Debug|Any CPU
		{65716016-E2A0-4998-9AA2-4963869480A3}.Release|Any CPU.ActiveCfg = Release|Any CPU
		{65716016-E2A0-4998-9AA2-4963869480A3}.Release|Any CPU.Build.0 = Release|Any CPU
		{7C890C5D-40F6-413D-907B-22340384DBE5}.Debug|Any CPU.ActiveCfg = Debug|Any CPU
		{7C890C5D-40F6-413D-907B-22340384DBE5}.Debug|Any CPU.Build.0 = Debug|Any CPU
		{7C890C5D-40F6-413D-907B-22340384DBE5}.Release|Any CPU.ActiveCfg = Release|Any CPU
		{7C890C5D-40F6-413D-907B-22340384DBE5}.Release|Any CPU.Build.0 = Release|Any CPU
		{B8127892-4C1D-4EF2-B9BE-CF1872587DB8}.Debug|Any CPU.ActiveCfg = Debug|Any CPU
		{B8127892-4C1D-4EF2-B9BE-CF1872587DB8}.Debug|Any CPU.Build.0 = Debug|Any CPU
		{B8127892-4C1D-4EF2-B9BE-CF1872587DB8}.Release|Any CPU.ActiveCfg = Release|Any CPU
		{B8127892-4C1D-4EF2-B9BE-CF1872587DB8}.Release|Any CPU.Build.0 = Release|Any CPU
		{B39A9A08-69C6-4EAE-B00B-88D5F032B49F}.Debug|Any CPU.ActiveCfg = Debug|Any CPU
		{B39A9A08-69C6-4EAE-B00B-88D5F032B49F}.Debug|Any CPU.Build.0 = Debug|Any CPU
		{B39A9A08-69C6-4EAE-B00B-88D5F032B49F}.Release|Any CPU.ActiveCfg = Release|Any CPU
		{B39A9A08-69C6-4EAE-B00B-88D5F032B49F}.Release|Any CPU.Build.0 = Release|Any CPU
		{4C9E97CF-41C1-4627-BB87-D7723D75CE6C}.Debug|Any CPU.ActiveCfg = Debug|Any CPU
		{4C9E97CF-41C1-4627-BB87-D7723D75CE6C}.Debug|Any CPU.Build.0 = Debug|Any CPU
		{4C9E97CF-41C1-4627-BB87-D7723D75CE6C}.Release|Any CPU.ActiveCfg = Release|Any CPU
		{4C9E97CF-41C1-4627-BB87-D7723D75CE6C}.Release|Any CPU.Build.0 = Release|Any CPU
		{CD4AF42F-169F-4CFE-8586-81A0B13F6D33}.Debug|Any CPU.ActiveCfg = Debug|Any CPU
		{CD4AF42F-169F-4CFE-8586-81A0B13F6D33}.Debug|Any CPU.Build.0 = Debug|Any CPU
		{CD4AF42F-169F-4CFE-8586-81A0B13F6D33}.Release|Any CPU.ActiveCfg = Release|Any CPU
		{CD4AF42F-169F-4CFE-8586-81A0B13F6D33}.Release|Any CPU.Build.0 = Release|Any CPU
		{7CE74EB3-2BFB-408B-9BDD-52E2156EEC97}.Debug|Any CPU.ActiveCfg = Debug|Any CPU
		{7CE74EB3-2BFB-408B-9BDD-52E2156EEC97}.Debug|Any CPU.Build.0 = Debug|Any CPU
		{7CE74EB3-2BFB-408B-9BDD-52E2156EEC97}.Release|Any CPU.ActiveCfg = Release|Any CPU
		{7CE74EB3-2BFB-408B-9BDD-52E2156EEC97}.Release|Any CPU.Build.0 = Release|Any CPU
		{86AA5809-C420-4443-BF58-2396440FCDAE}.Debug|Any CPU.ActiveCfg = Debug|Any CPU
		{86AA5809-C420-4443-BF58-2396440FCDAE}.Debug|Any CPU.Build.0 = Debug|Any CPU
		{86AA5809-C420-4443-BF58-2396440FCDAE}.Release|Any CPU.ActiveCfg = Release|Any CPU
		{86AA5809-C420-4443-BF58-2396440FCDAE}.Release|Any CPU.Build.0 = Release|Any CPU
		{DE19C8E5-681C-4B2E-9FD5-3A99BE885113}.Debug|Any CPU.ActiveCfg = Debug|Any CPU
		{DE19C8E5-681C-4B2E-9FD5-3A99BE885113}.Debug|Any CPU.Build.0 = Debug|Any CPU
		{DE19C8E5-681C-4B2E-9FD5-3A99BE885113}.Release|Any CPU.ActiveCfg = Release|Any CPU
		{DE19C8E5-681C-4B2E-9FD5-3A99BE885113}.Release|Any CPU.Build.0 = Release|Any CPU
		{7126A030-54C8-404E-ADE6-0CE912C559AC}.Debug|Any CPU.ActiveCfg = Debug|Any CPU
		{7126A030-54C8-404E-ADE6-0CE912C559AC}.Debug|Any CPU.Build.0 = Debug|Any CPU
		{7126A030-54C8-404E-ADE6-0CE912C559AC}.Release|Any CPU.ActiveCfg = Release|Any CPU
		{7126A030-54C8-404E-ADE6-0CE912C559AC}.Release|Any CPU.Build.0 = Release|Any CPU
		{AA4235A2-0ABA-4A43-AC37-6DCD56CBA502}.Debug|Any CPU.ActiveCfg = Debug|Any CPU
		{AA4235A2-0ABA-4A43-AC37-6DCD56CBA502}.Debug|Any CPU.Build.0 = Debug|Any CPU
		{AA4235A2-0ABA-4A43-AC37-6DCD56CBA502}.Release|Any CPU.ActiveCfg = Release|Any CPU
		{AA4235A2-0ABA-4A43-AC37-6DCD56CBA502}.Release|Any CPU.Build.0 = Release|Any CPU
		{EF6E29C3-5E01-4165-9E6D-D406D67E4CBD}.Debug|Any CPU.ActiveCfg = Debug|Any CPU
		{EF6E29C3-5E01-4165-9E6D-D406D67E4CBD}.Debug|Any CPU.Build.0 = Debug|Any CPU
		{EF6E29C3-5E01-4165-9E6D-D406D67E4CBD}.Release|Any CPU.ActiveCfg = Release|Any CPU
		{EF6E29C3-5E01-4165-9E6D-D406D67E4CBD}.Release|Any CPU.Build.0 = Release|Any CPU
		{788A97ED-9D1A-4996-ADF8-E11424879E27}.Debug|Any CPU.ActiveCfg = Debug|Any CPU
		{788A97ED-9D1A-4996-ADF8-E11424879E27}.Debug|Any CPU.Build.0 = Debug|Any CPU
		{788A97ED-9D1A-4996-ADF8-E11424879E27}.Release|Any CPU.ActiveCfg = Release|Any CPU
		{788A97ED-9D1A-4996-ADF8-E11424879E27}.Release|Any CPU.Build.0 = Release|Any CPU
	EndGlobalSection
	GlobalSection(SolutionProperties) = preSolution
		HideSolutionNode = FALSE
	EndGlobalSection
EndGlobal
